
Microsoft Visual Studio Solution File, Format Version 12.00
# Visual Studio Version 17
VisualStudioVersion = 17.5.33516.290
MinimumVisualStudioVersion = 10.0.40219.1
Project("{9A19103F-16F7-4668-BE54-9A1E7A4F7556}") = "LeaveManagement.Web", "LeaveManagement.Web.csproj", "{7C756BC7-042D-4506-BA59-32A9F0B83F29}"
EndProject
Global
	GlobalSection(SolutionConfigurationPlatforms) = preSolution
		Debug|Any CPU = Debug|Any CPU
		Release|Any CPU = Release|Any CPU
	EndGlobalSection
	GlobalSection(ProjectConfigurationPlatforms) = postSolution
		{7C756BC7-042D-4506-BA59-32A9F0B83F29}.Debug|Any CPU.ActiveCfg = Debug|Any CPU
		{7C756BC7-042D-4506-BA59-32A9F0B83F29}.Debug|Any CPU.Build.0 = Debug|Any CPU
		{7C756BC7-042D-4506-BA59-32A9F0B83F29}.Release|Any CPU.ActiveCfg = Release|Any CPU
		{7C756BC7-042D-4506-BA59-32A9F0B83F29}.Release|Any CPU.Build.0 = Release|Any CPU
	EndGlobalSection
	GlobalSection(SolutionProperties) = preSolution
		HideSolutionNode = FALSE
	EndGlobalSection
	GlobalSection(ExtensibilityGlobals) = postSolution
		SolutionGuid = {A6BF5241-D9C7-4729-926B-21C75AC80EBC}
	EndGlobalSection
EndGlobal
